// !$*UTF8*$!
{
   archiveVersion = "1";
   objectVersion = "46";
   objects = {
      "LifeServer::LifeServer" = {
         isa = "PBXNativeTarget";
         buildConfigurationList = "OBJ_168";
         buildPhases = (
            "OBJ_171",
            "OBJ_180"
         );
         dependencies = (
            "OBJ_189",
            "OBJ_191",
            "OBJ_193",
            "OBJ_194",
            "OBJ_196",
            "OBJ_198",
            "OBJ_199",
            "OBJ_200"
         );
         name = "LifeServer";
         productName = "LifeServer";
         productReference = "LifeServer::LifeServer::Product";
         productType = "com.apple.product-type.tool";
      };
      "LifeServer::LifeServer::Product" = {
         isa = "PBXFileReference";
         path = "LifeServer";
         sourceTree = "BUILT_PRODUCTS_DIR";
      };
      "LifeServer::SwiftPMPackageDescription" = {
         isa = "PBXNativeTarget";
         buildConfigurationList = "OBJ_202";
         buildPhases = (
            "OBJ_205"
         );
         dependencies = (
         );
         name = "LifeServerPackageDescription";
         productName = "LifeServerPackageDescription";
         productType = "com.apple.product-type.framework";
      };
      "OBJ_1" = {
         isa = "PBXProject";
         attributes = {
            LastUpgradeCheck = "9999";
         };
         buildConfigurationList = "OBJ_2";
         compatibilityVersion = "Xcode 3.2";
         developmentRegion = "English";
         hasScannedForEncodings = "0";
         knownRegions = (
            "en"
         );
         mainGroup = "OBJ_5";
         productRefGroup = "OBJ_118";
         projectDirPath = ".";
         targets = (
            "swift-nio::CNIOAtomics",
            "swift-nio::CNIODarwin",
            "swift-nio::CNIOLinux",
            "swift-nio::CNIOSHA1",
            "LifeServer::LifeServer",
            "LifeServer::SwiftPMPackageDescription",
            "swift-nio::NIO",
            "swift-nio::NIOConcurrencyHelpers",
            "swift-nio::NIOFoundationCompat",
            "swift-nio::NIOPriorityQueue",
            "swift-nio::SwiftPMPackageDescription"
         );
      };
      "OBJ_10" = {
         isa = "PBXFileReference";
         path = "Gameplay.swift";
         sourceTree = "<group>";
      };
      "OBJ_100" = {
         isa = "PBXFileReference";
         path = "PriorityQueue.swift";
         sourceTree = "<group>";
      };
      "OBJ_101" = {
         isa = "PBXGroup";
         children = (
         );
         name = "NIOHTTP1Server";
         path = ".build/checkouts/swift-nio.git--5541947319686965451/Sources/NIOHTTP1Server";
         sourceTree = "SOURCE_ROOT";
      };
      "OBJ_102" = {
         isa = "PBXGroup";
         children = (
            "OBJ_103"
         );
         name = "NIOFoundationCompat";
         path = ".build/checkouts/swift-nio.git--5541947319686965451/Sources/NIOFoundationCompat";
         sourceTree = "SOURCE_ROOT";
      };
      "OBJ_103" = {
         isa = "PBXFileReference";
         path = "ByteBuffer-foundation.swift";
         sourceTree = "<group>";
      };
      "OBJ_104" = {
         isa = "PBXGroup";
         children = (
            "OBJ_105",
            "OBJ_106"
         );
         name = "CNIODarwin";
         path = ".build/checkouts/swift-nio.git--5541947319686965451/Sources/CNIODarwin";
         sourceTree = "SOURCE_ROOT";
      };
      "OBJ_105" = {
         isa = "PBXFileReference";
         path = "shim.c";
         sourceTree = "<group>";
      };
      "OBJ_106" = {
         isa = "PBXGroup";
         children = (
            "OBJ_107"
         );
         name = "include";
         path = "include";
         sourceTree = "<group>";
      };
      "OBJ_107" = {
         isa = "PBXFileReference";
         path = "CNIODarwin.h";
         sourceTree = "<group>";
      };
      "OBJ_108" = {
         isa = "PBXGroup";
         children = (
            "OBJ_109",
            "OBJ_110"
         );
         name = "NIOConcurrencyHelpers";
         path = ".build/checkouts/swift-nio.git--5541947319686965451/Sources/NIOConcurrencyHelpers";
         sourceTree = "SOURCE_ROOT";
      };
      "OBJ_109" = {
         isa = "PBXFileReference";
         path = "atomics.swift";
         sourceTree = "<group>";
      };
      "OBJ_11" = {
         isa = "PBXFileReference";
         path = "MulticastDelegate.swift";
         sourceTree = "<group>";
      };
      "OBJ_110" = {
         isa = "PBXFileReference";
         path = "lock.swift";
         sourceTree = "<group>";
      };
      "OBJ_111" = {
         isa = "PBXGroup";
         children = (
         );
         name = "NIOPerformanceTester";
         path = ".build/checkouts/swift-nio.git--5541947319686965451/Sources/NIOPerformanceTester";
         sourceTree = "SOURCE_ROOT";
      };
      "OBJ_112" = {
         isa = "PBXGroup";
         children = (
         );
         name = "NIOEchoClient";
         path = ".build/checkouts/swift-nio.git--5541947319686965451/Sources/NIOEchoClient";
         sourceTree = "SOURCE_ROOT";
      };
      "OBJ_113" = {
         isa = "PBXGroup";
         children = (
         );
         name = "NIOEchoServer";
         path = ".build/checkouts/swift-nio.git--5541947319686965451/Sources/NIOEchoServer";
         sourceTree = "SOURCE_ROOT";
      };
      "OBJ_114" = {
         isa = "PBXGroup";
         children = (
         );
         name = "NIOChatClient";
         path = ".build/checkouts/swift-nio.git--5541947319686965451/Sources/NIOChatClient";
         sourceTree = "SOURCE_ROOT";
      };
      "OBJ_115" = {
         isa = "PBXGroup";
         children = (
         );
         name = "NIOMulticastChat";
         path = ".build/checkouts/swift-nio.git--5541947319686965451/Sources/NIOMulticastChat";
         sourceTree = "SOURCE_ROOT";
      };
      "OBJ_116" = {
         isa = "PBXGroup";
         children = (
         );
         name = "NIOTLS";
         path = ".build/checkouts/swift-nio.git--5541947319686965451/Sources/NIOTLS";
         sourceTree = "SOURCE_ROOT";
      };
      "OBJ_117" = {
         isa = "PBXFileReference";
         explicitFileType = "sourcecode.swift";
         name = "Package.swift";
         path = "/Users/yauheni/Work/Dev/life/life-server/.build/checkouts/swift-nio.git--5541947319686965451/Package.swift";
         sourceTree = "<group>";
      };
      "OBJ_118" = {
         isa = "PBXGroup";
         children = (
            "swift-nio::CNIODarwin::Product",
            "swift-nio::NIOFoundationCompat::Product",
            "swift-nio::CNIOAtomics::Product",
            "LifeServer::LifeServer::Product",
            "swift-nio::NIOConcurrencyHelpers::Product",
            "swift-nio::CNIOSHA1::Product",
            "swift-nio::NIOPriorityQueue::Product",
            "swift-nio::NIO::Product",
            "swift-nio::CNIOLinux::Product"
         );
         name = "Products";
         path = "";
         sourceTree = "BUILT_PRODUCTS_DIR";
      };
      "OBJ_12" = {
         isa = "PBXFileReference";
         path = "Server.swift";
         sourceTree = "<group>";
      };
      "OBJ_129" = {
         isa = "XCConfigurationList";
         buildConfigurations = (
            "OBJ_130",
            "OBJ_131"
         );
         defaultConfigurationIsVisible = "0";
         defaultConfigurationName = "Release";
      };
      "OBJ_13" = {
         isa = "PBXFileReference";
         path = "SessionManager.swift";
         sourceTree = "<group>";
      };
      "OBJ_130" = {
         isa = "XCBuildConfiguration";
         buildSettings = {
            CLANG_ENABLE_MODULES = "YES";
            DEFINES_MODULE = "YES";
            ENABLE_TESTABILITY = "YES";
            FRAMEWORK_SEARCH_PATHS = (
               "$(inherited)",
               "$(PLATFORM_DIR)/Developer/Library/Frameworks"
            );
            HEADER_SEARCH_PATHS = (
               "$(inherited)",
               "$(SRCROOT)/.build/checkouts/swift-nio.git--5541947319686965451/Sources/CNIOAtomics/include",
               "$(SRCROOT)/.build/checkouts/swift-nio-zlib-support.git-8214147926567245898"
            );
            INFOPLIST_FILE = "LifeServer.xcodeproj/CNIOAtomics_Info.plist";
            LD_RUNPATH_SEARCH_PATHS = (
               "$(inherited)",
               "$(TOOLCHAIN_DIR)/usr/lib/swift/macosx"
            );
            OTHER_CFLAGS = (
               "$(inherited)"
            );
            OTHER_LDFLAGS = (
               "$(inherited)"
            );
            OTHER_SWIFT_FLAGS = (
               "$(inherited)"
            );
            PRODUCT_BUNDLE_IDENTIFIER = "CNIOAtomics";
            PRODUCT_MODULE_NAME = "$(TARGET_NAME:c99extidentifier)";
            PRODUCT_NAME = "$(TARGET_NAME:c99extidentifier)";
            SKIP_INSTALL = "YES";
            SWIFT_ACTIVE_COMPILATION_CONDITIONS = (
               "$(inherited)"
            );
            TARGET_NAME = "CNIOAtomics";
         };
         name = "Debug";
      };
      "OBJ_131" = {
         isa = "XCBuildConfiguration";
         buildSettings = {
            CLANG_ENABLE_MODULES = "YES";
            DEFINES_MODULE = "YES";
            ENABLE_TESTABILITY = "YES";
            FRAMEWORK_SEARCH_PATHS = (
               "$(inherited)",
               "$(PLATFORM_DIR)/Developer/Library/Frameworks"
            );
            HEADER_SEARCH_PATHS = (
               "$(inherited)",
               "$(SRCROOT)/.build/checkouts/swift-nio.git--5541947319686965451/Sources/CNIOAtomics/include",
               "$(SRCROOT)/.build/checkouts/swift-nio-zlib-support.git-8214147926567245898"
            );
            INFOPLIST_FILE = "LifeServer.xcodeproj/CNIOAtomics_Info.plist";
            LD_RUNPATH_SEARCH_PATHS = (
               "$(inherited)",
               "$(TOOLCHAIN_DIR)/usr/lib/swift/macosx"
            );
            OTHER_CFLAGS = (
               "$(inherited)"
            );
            OTHER_LDFLAGS = (
               "$(inherited)"
            );
            OTHER_SWIFT_FLAGS = (
               "$(inherited)"
            );
            PRODUCT_BUNDLE_IDENTIFIER = "CNIOAtomics";
            PRODUCT_MODULE_NAME = "$(TARGET_NAME:c99extidentifier)";
            PRODUCT_NAME = "$(TARGET_NAME:c99extidentifier)";
            SKIP_INSTALL = "YES";
            SWIFT_ACTIVE_COMPILATION_CONDITIONS = (
               "$(inherited)"
            );
            TARGET_NAME = "CNIOAtomics";
         };
         name = "Release";
      };
      "OBJ_132" = {
         isa = "PBXSourcesBuildPhase";
         files = (
            "OBJ_133"
         );
      };
      "OBJ_133" = {
         isa = "PBXBuildFile";
         fileRef = "OBJ_88";
      };
      "OBJ_134" = {
         isa = "PBXHeadersBuildPhase";
         files = (
            "OBJ_135",
            "OBJ_136"
         );
      };
      "OBJ_135" = {
         isa = "PBXBuildFile";
         fileRef = "OBJ_90";
         settings = {
            ATTRIBUTES = (
               "Public"
            );
         };
      };
      "OBJ_136" = {
         isa = "PBXBuildFile";
         fileRef = "OBJ_91";
         settings = {
            ATTRIBUTES = (
               "Public"
            );
         };
      };
      "OBJ_137" = {
         isa = "PBXFrameworksBuildPhase";
         files = (
         );
      };
      "OBJ_139" = {
         isa = "XCConfigurationList";
         buildConfigurations = (
            "OBJ_140",
            "OBJ_141"
         );
         defaultConfigurationIsVisible = "0";
         defaultConfigurationName = "Release";
      };
      "OBJ_14" = {
         isa = "PBXFileReference";
         path = "ThreadSafeHelper.swift";
         sourceTree = "<group>";
      };
      "OBJ_140" = {
         isa = "XCBuildConfiguration";
         buildSettings = {
            CLANG_ENABLE_MODULES = "YES";
            DEFINES_MODULE = "YES";
            ENABLE_TESTABILITY = "YES";
            FRAMEWORK_SEARCH_PATHS = (
               "$(inherited)",
               "$(PLATFORM_DIR)/Developer/Library/Frameworks"
            );
            HEADER_SEARCH_PATHS = (
               "$(inherited)",
               "$(SRCROOT)/.build/checkouts/swift-nio.git--5541947319686965451/Sources/CNIODarwin/include",
               "$(SRCROOT)/.build/checkouts/swift-nio-zlib-support.git-8214147926567245898"
            );
            INFOPLIST_FILE = "LifeServer.xcodeproj/CNIODarwin_Info.plist";
            LD_RUNPATH_SEARCH_PATHS = (
               "$(inherited)",
               "$(TOOLCHAIN_DIR)/usr/lib/swift/macosx"
            );
            OTHER_CFLAGS = (
               "$(inherited)"
            );
            OTHER_LDFLAGS = (
               "$(inherited)"
            );
            OTHER_SWIFT_FLAGS = (
               "$(inherited)"
            );
            PRODUCT_BUNDLE_IDENTIFIER = "CNIODarwin";
            PRODUCT_MODULE_NAME = "$(TARGET_NAME:c99extidentifier)";
            PRODUCT_NAME = "$(TARGET_NAME:c99extidentifier)";
            SKIP_INSTALL = "YES";
            SWIFT_ACTIVE_COMPILATION_CONDITIONS = (
               "$(inherited)"
            );
            TARGET_NAME = "CNIODarwin";
         };
         name = "Debug";
      };
      "OBJ_141" = {
         isa = "XCBuildConfiguration";
         buildSettings = {
            CLANG_ENABLE_MODULES = "YES";
            DEFINES_MODULE = "YES";
            ENABLE_TESTABILITY = "YES";
            FRAMEWORK_SEARCH_PATHS = (
               "$(inherited)",
               "$(PLATFORM_DIR)/Developer/Library/Frameworks"
            );
            HEADER_SEARCH_PATHS = (
               "$(inherited)",
               "$(SRCROOT)/.build/checkouts/swift-nio.git--5541947319686965451/Sources/CNIODarwin/include",
               "$(SRCROOT)/.build/checkouts/swift-nio-zlib-support.git-8214147926567245898"
            );
            INFOPLIST_FILE = "LifeServer.xcodeproj/CNIODarwin_Info.plist";
            LD_RUNPATH_SEARCH_PATHS = (
               "$(inherited)",
               "$(TOOLCHAIN_DIR)/usr/lib/swift/macosx"
            );
            OTHER_CFLAGS = (
               "$(inherited)"
            );
            OTHER_LDFLAGS = (
               "$(inherited)"
            );
            OTHER_SWIFT_FLAGS = (
               "$(inherited)"
            );
            PRODUCT_BUNDLE_IDENTIFIER = "CNIODarwin";
            PRODUCT_MODULE_NAME = "$(TARGET_NAME:c99extidentifier)";
            PRODUCT_NAME = "$(TARGET_NAME:c99extidentifier)";
            SKIP_INSTALL = "YES";
            SWIFT_ACTIVE_COMPILATION_CONDITIONS = (
               "$(inherited)"
            );
            TARGET_NAME = "CNIODarwin";
         };
         name = "Release";
      };
      "OBJ_142" = {
         isa = "PBXSourcesBuildPhase";
         files = (
            "OBJ_143"
         );
      };
      "OBJ_143" = {
         isa = "PBXBuildFile";
         fileRef = "OBJ_105";
      };
      "OBJ_144" = {
         isa = "PBXHeadersBuildPhase";
         files = (
            "OBJ_145"
         );
      };
      "OBJ_145" = {
         isa = "PBXBuildFile";
         fileRef = "OBJ_107";
         settings = {
            ATTRIBUTES = (
               "Public"
            );
         };
      };
      "OBJ_146" = {
         isa = "PBXFrameworksBuildPhase";
         files = (
         );
      };
      "OBJ_148" = {
         isa = "XCConfigurationList";
         buildConfigurations = (
            "OBJ_149",
            "OBJ_150"
         );
         defaultConfigurationIsVisible = "0";
         defaultConfigurationName = "Release";
      };
      "OBJ_149" = {
         isa = "XCBuildConfiguration";
         buildSettings = {
            CLANG_ENABLE_MODULES = "YES";
            DEFINES_MODULE = "YES";
            ENABLE_TESTABILITY = "YES";
            FRAMEWORK_SEARCH_PATHS = (
               "$(inherited)",
               "$(PLATFORM_DIR)/Developer/Library/Frameworks"
            );
            HEADER_SEARCH_PATHS = (
               "$(inherited)",
               "$(SRCROOT)/.build/checkouts/swift-nio.git--5541947319686965451/Sources/CNIOLinux/include",
               "$(SRCROOT)/.build/checkouts/swift-nio-zlib-support.git-8214147926567245898"
            );
            INFOPLIST_FILE = "LifeServer.xcodeproj/CNIOLinux_Info.plist";
            LD_RUNPATH_SEARCH_PATHS = (
               "$(inherited)",
               "$(TOOLCHAIN_DIR)/usr/lib/swift/macosx"
            );
            OTHER_CFLAGS = (
               "$(inherited)"
            );
            OTHER_LDFLAGS = (
               "$(inherited)"
            );
            OTHER_SWIFT_FLAGS = (
               "$(inherited)"
            );
            PRODUCT_BUNDLE_IDENTIFIER = "CNIOLinux";
            PRODUCT_MODULE_NAME = "$(TARGET_NAME:c99extidentifier)";
            PRODUCT_NAME = "$(TARGET_NAME:c99extidentifier)";
            SKIP_INSTALL = "YES";
            SWIFT_ACTIVE_COMPILATION_CONDITIONS = (
               "$(inherited)"
            );
            TARGET_NAME = "CNIOLinux";
         };
         name = "Debug";
      };
      "OBJ_15" = {
         isa = "PBXFileReference";
         path = "UsersManager.swift";
         sourceTree = "<group>";
      };
      "OBJ_150" = {
         isa = "XCBuildConfiguration";
         buildSettings = {
            CLANG_ENABLE_MODULES = "YES";
            DEFINES_MODULE = "YES";
            ENABLE_TESTABILITY = "YES";
            FRAMEWORK_SEARCH_PATHS = (
               "$(inherited)",
               "$(PLATFORM_DIR)/Developer/Library/Frameworks"
            );
            HEADER_SEARCH_PATHS = (
               "$(inherited)",
               "$(SRCROOT)/.build/checkouts/swift-nio.git--5541947319686965451/Sources/CNIOLinux/include",
               "$(SRCROOT)/.build/checkouts/swift-nio-zlib-support.git-8214147926567245898"
            );
            INFOPLIST_FILE = "LifeServer.xcodeproj/CNIOLinux_Info.plist";
            LD_RUNPATH_SEARCH_PATHS = (
               "$(inherited)",
               "$(TOOLCHAIN_DIR)/usr/lib/swift/macosx"
            );
            OTHER_CFLAGS = (
               "$(inherited)"
            );
            OTHER_LDFLAGS = (
               "$(inherited)"
            );
            OTHER_SWIFT_FLAGS = (
               "$(inherited)"
            );
            PRODUCT_BUNDLE_IDENTIFIER = "CNIOLinux";
            PRODUCT_MODULE_NAME = "$(TARGET_NAME:c99extidentifier)";
            PRODUCT_NAME = "$(TARGET_NAME:c99extidentifier)";
            SKIP_INSTALL = "YES";
            SWIFT_ACTIVE_COMPILATION_CONDITIONS = (
               "$(inherited)"
            );
            TARGET_NAME = "CNIOLinux";
         };
         name = "Release";
      };
      "OBJ_151" = {
         isa = "PBXSourcesBuildPhase";
         files = (
            "OBJ_152",
            "OBJ_153"
         );
      };
      "OBJ_152" = {
         isa = "PBXBuildFile";
         fileRef = "OBJ_93";
      };
      "OBJ_153" = {
         isa = "PBXBuildFile";
         fileRef = "OBJ_94";
      };
      "OBJ_154" = {
         isa = "PBXHeadersBuildPhase";
         files = (
            "OBJ_155",
            "OBJ_156"
         );
      };
      "OBJ_155" = {
         isa = "PBXBuildFile";
         fileRef = "OBJ_96";
         settings = {
            ATTRIBUTES = (
               "Public"
            );
         };
      };
      "OBJ_156" = {
         isa = "PBXBuildFile";
         fileRef = "OBJ_97";
         settings = {
            ATTRIBUTES = (
               "Public"
            );
         };
      };
      "OBJ_157" = {
         isa = "PBXFrameworksBuildPhase";
         files = (
         );
      };
      "OBJ_159" = {
         isa = "XCConfigurationList";
         buildConfigurations = (
            "OBJ_160",
            "OBJ_161"
         );
         defaultConfigurationIsVisible = "0";
         defaultConfigurationName = "Release";
      };
      "OBJ_16" = {
         isa = "PBXFileReference";
         path = "main.swift";
         sourceTree = "<group>";
      };
      "OBJ_160" = {
         isa = "XCBuildConfiguration";
         buildSettings = {
            CLANG_ENABLE_MODULES = "YES";
            DEFINES_MODULE = "YES";
            ENABLE_TESTABILITY = "YES";
            FRAMEWORK_SEARCH_PATHS = (
               "$(inherited)",
               "$(PLATFORM_DIR)/Developer/Library/Frameworks"
            );
            HEADER_SEARCH_PATHS = (
               "$(inherited)",
               "$(SRCROOT)/.build/checkouts/swift-nio.git--5541947319686965451/Sources/CNIOSHA1/include",
               "$(SRCROOT)/.build/checkouts/swift-nio-zlib-support.git-8214147926567245898"
            );
            INFOPLIST_FILE = "LifeServer.xcodeproj/CNIOSHA1_Info.plist";
            LD_RUNPATH_SEARCH_PATHS = (
               "$(inherited)",
               "$(TOOLCHAIN_DIR)/usr/lib/swift/macosx"
            );
            OTHER_CFLAGS = (
               "$(inherited)"
            );
            OTHER_LDFLAGS = (
               "$(inherited)"
            );
            OTHER_SWIFT_FLAGS = (
               "$(inherited)"
            );
            PRODUCT_BUNDLE_IDENTIFIER = "CNIOSHA1";
            PRODUCT_MODULE_NAME = "$(TARGET_NAME:c99extidentifier)";
            PRODUCT_NAME = "$(TARGET_NAME:c99extidentifier)";
            SKIP_INSTALL = "YES";
            SWIFT_ACTIVE_COMPILATION_CONDITIONS = (
               "$(inherited)"
            );
            TARGET_NAME = "CNIOSHA1";
         };
         name = "Debug";
      };
      "OBJ_161" = {
         isa = "XCBuildConfiguration";
         buildSettings = {
            CLANG_ENABLE_MODULES = "YES";
            DEFINES_MODULE = "YES";
            ENABLE_TESTABILITY = "YES";
            FRAMEWORK_SEARCH_PATHS = (
               "$(inherited)",
               "$(PLATFORM_DIR)/Developer/Library/Frameworks"
            );
            HEADER_SEARCH_PATHS = (
               "$(inherited)",
               "$(SRCROOT)/.build/checkouts/swift-nio.git--5541947319686965451/Sources/CNIOSHA1/include",
               "$(SRCROOT)/.build/checkouts/swift-nio-zlib-support.git-8214147926567245898"
            );
            INFOPLIST_FILE = "LifeServer.xcodeproj/CNIOSHA1_Info.plist";
            LD_RUNPATH_SEARCH_PATHS = (
               "$(inherited)",
               "$(TOOLCHAIN_DIR)/usr/lib/swift/macosx"
            );
            OTHER_CFLAGS = (
               "$(inherited)"
            );
            OTHER_LDFLAGS = (
               "$(inherited)"
            );
            OTHER_SWIFT_FLAGS = (
               "$(inherited)"
            );
            PRODUCT_BUNDLE_IDENTIFIER = "CNIOSHA1";
            PRODUCT_MODULE_NAME = "$(TARGET_NAME:c99extidentifier)";
            PRODUCT_NAME = "$(TARGET_NAME:c99extidentifier)";
            SKIP_INSTALL = "YES";
            SWIFT_ACTIVE_COMPILATION_CONDITIONS = (
               "$(inherited)"
            );
            TARGET_NAME = "CNIOSHA1";
         };
         name = "Release";
      };
      "OBJ_162" = {
         isa = "PBXSourcesBuildPhase";
         files = (
            "OBJ_163"
         );
      };
      "OBJ_163" = {
         isa = "PBXBuildFile";
         fileRef = "OBJ_25";
      };
      "OBJ_164" = {
         isa = "PBXHeadersBuildPhase";
         files = (
            "OBJ_165"
         );
      };
      "OBJ_165" = {
         isa = "PBXBuildFile";
         fileRef = "OBJ_27";
         settings = {
            ATTRIBUTES = (
               "Public"
            );
         };
      };
      "OBJ_166" = {
         isa = "PBXFrameworksBuildPhase";
         files = (
         );
      };
      "OBJ_168" = {
         isa = "XCConfigurationList";
         buildConfigurations = (
            "OBJ_169",
            "OBJ_170"
         );
         defaultConfigurationIsVisible = "0";
         defaultConfigurationName = "Release";
      };
      "OBJ_169" = {
         isa = "XCBuildConfiguration";
         buildSettings = {
            FRAMEWORK_SEARCH_PATHS = (
               "$(inherited)",
               "$(PLATFORM_DIR)/Developer/Library/Frameworks"
            );
            HEADER_SEARCH_PATHS = (
               "$(inherited)",
               "$(SRCROOT)/.build/checkouts/swift-nio.git--5541947319686965451/Sources/CNIOSHA1/include",
               "$(SRCROOT)/.build/checkouts/swift-nio.git--5541947319686965451/Sources/CNIOAtomics/include",
               "$(SRCROOT)/.build/checkouts/swift-nio.git--5541947319686965451/Sources/CNIODarwin/include",
               "$(SRCROOT)/.build/checkouts/swift-nio.git--5541947319686965451/Sources/CNIOLinux/include",
               "$(SRCROOT)/.build/checkouts/swift-nio-zlib-support.git-8214147926567245898"
            );
            INFOPLIST_FILE = "LifeServer.xcodeproj/LifeServer_Info.plist";
            LD_RUNPATH_SEARCH_PATHS = (
               "$(inherited)",
               "$(TOOLCHAIN_DIR)/usr/lib/swift/macosx",
               "@executable_path"
            );
            OTHER_CFLAGS = (
               "$(inherited)"
            );
            OTHER_LDFLAGS = (
               "$(inherited)"
            );
            OTHER_SWIFT_FLAGS = (
               "$(inherited)"
            );
            SWIFT_ACTIVE_COMPILATION_CONDITIONS = (
               "$(inherited)"
            );
            SWIFT_FORCE_DYNAMIC_LINK_STDLIB = "YES";
            SWIFT_FORCE_STATIC_LINK_STDLIB = "NO";
            SWIFT_VERSION = "4.2";
            TARGET_NAME = "LifeServer";
         };
         name = "Debug";
      };
      "OBJ_17" = {
         isa = "PBXGroup";
         children = (
         );
         name = "Tests";
         path = "";
         sourceTree = "SOURCE_ROOT";
      };
      "OBJ_170" = {
         isa = "XCBuildConfiguration";
         buildSettings = {
            FRAMEWORK_SEARCH_PATHS = (
               "$(inherited)",
               "$(PLATFORM_DIR)/Developer/Library/Frameworks"
            );
            HEADER_SEARCH_PATHS = (
               "$(inherited)",
               "$(SRCROOT)/.build/checkouts/swift-nio.git--5541947319686965451/Sources/CNIOSHA1/include",
               "$(SRCROOT)/.build/checkouts/swift-nio.git--5541947319686965451/Sources/CNIOAtomics/include",
               "$(SRCROOT)/.build/checkouts/swift-nio.git--5541947319686965451/Sources/CNIODarwin/include",
               "$(SRCROOT)/.build/checkouts/swift-nio.git--5541947319686965451/Sources/CNIOLinux/include",
               "$(SRCROOT)/.build/checkouts/swift-nio-zlib-support.git-8214147926567245898"
            );
            INFOPLIST_FILE = "LifeServer.xcodeproj/LifeServer_Info.plist";
            LD_RUNPATH_SEARCH_PATHS = (
               "$(inherited)",
               "$(TOOLCHAIN_DIR)/usr/lib/swift/macosx",
               "@executable_path"
            );
            OTHER_CFLAGS = (
               "$(inherited)"
            );
            OTHER_LDFLAGS = (
               "$(inherited)"
            );
            OTHER_SWIFT_FLAGS = (
               "$(inherited)"
            );
            SWIFT_ACTIVE_COMPILATION_CONDITIONS = (
               "$(inherited)"
            );
            SWIFT_FORCE_DYNAMIC_LINK_STDLIB = "YES";
            SWIFT_FORCE_STATIC_LINK_STDLIB = "NO";
            SWIFT_VERSION = "4.2";
            TARGET_NAME = "LifeServer";
         };
         name = "Release";
      };
      "OBJ_171" = {
         isa = "PBXSourcesBuildPhase";
         files = (
            "OBJ_172",
            "OBJ_173",
            "OBJ_174",
            "OBJ_175",
            "OBJ_176",
            "OBJ_177",
            "OBJ_178",
            "OBJ_179"
         );
      };
      "OBJ_172" = {
         isa = "PBXBuildFile";
         fileRef = "OBJ_9";
      };
      "OBJ_173" = {
         isa = "PBXBuildFile";
         fileRef = "OBJ_10";
      };
      "OBJ_174" = {
         isa = "PBXBuildFile";
         fileRef = "OBJ_11";
      };
      "OBJ_175" = {
         isa = "PBXBuildFile";
         fileRef = "OBJ_12";
      };
      "OBJ_176" = {
         isa = "PBXBuildFile";
         fileRef = "OBJ_13";
      };
      "OBJ_177" = {
         isa = "PBXBuildFile";
         fileRef = "OBJ_14";
      };
      "OBJ_178" = {
         isa = "PBXBuildFile";
         fileRef = "OBJ_15";
      };
      "OBJ_179" = {
         isa = "PBXBuildFile";
         fileRef = "OBJ_16";
      };
      "OBJ_18" = {
         isa = "PBXGroup";
         children = (
            "OBJ_19"
         );
         name = "Dependencies";
         path = "";
         sourceTree = "<group>";
      };
      "OBJ_180" = {
         isa = "PBXFrameworksBuildPhase";
         files = (
            "OBJ_181",
            "OBJ_182",
            "OBJ_183",
            "OBJ_184",
            "OBJ_185",
            "OBJ_186",
            "OBJ_187",
            "OBJ_188"
         );
      };
      "OBJ_181" = {
         isa = "PBXBuildFile";
         fileRef = "swift-nio::NIOFoundationCompat::Product";
      };
      "OBJ_182" = {
         isa = "PBXBuildFile";
         fileRef = "swift-nio::NIO::Product";
      };
      "OBJ_183" = {
         isa = "PBXBuildFile";
         fileRef = "swift-nio::CNIOSHA1::Product";
      };
      "OBJ_184" = {
         isa = "PBXBuildFile";
         fileRef = "swift-nio::NIOPriorityQueue::Product";
      };
      "OBJ_185" = {
         isa = "PBXBuildFile";
         fileRef = "swift-nio::NIOConcurrencyHelpers::Product";
      };
      "OBJ_186" = {
         isa = "PBXBuildFile";
         fileRef = "swift-nio::CNIOAtomics::Product";
      };
      "OBJ_187" = {
         isa = "PBXBuildFile";
         fileRef = "swift-nio::CNIODarwin::Product";
      };
      "OBJ_188" = {
         isa = "PBXBuildFile";
         fileRef = "swift-nio::CNIOLinux::Product";
      };
      "OBJ_189" = {
         isa = "PBXTargetDependency";
         target = "swift-nio::NIOFoundationCompat";
      };
      "OBJ_19" = {
         isa = "PBXGroup";
         children = (
            "OBJ_20",
            "OBJ_21",
            "OBJ_22",
            "OBJ_23",
            "OBJ_24",
            "OBJ_28",
            "OBJ_29",
            "OBJ_85",
            "OBJ_86",
            "OBJ_92",
            "OBJ_98",
            "OBJ_101",
            "OBJ_102",
            "OBJ_104",
            "OBJ_108",
            "OBJ_111",
            "OBJ_112",
            "OBJ_113",
            "OBJ_114",
            "OBJ_115",
            "OBJ_116",
            "OBJ_117"
         );
         name = "swift-nio 1.12.0";
         path = "";
         sourceTree = "SOURCE_ROOT";
      };
      "OBJ_191" = {
         isa = "PBXTargetDependency";
         target = "swift-nio::NIO";
      };
      "OBJ_193" = {
         isa = "PBXTargetDependency";
         target = "swift-nio::CNIOSHA1";
      };
      "OBJ_194" = {
         isa = "PBXTargetDependency";
         target = "swift-nio::NIOPriorityQueue";
      };
      "OBJ_196" = {
         isa = "PBXTargetDependency";
         target = "swift-nio::NIOConcurrencyHelpers";
      };
      "OBJ_198" = {
         isa = "PBXTargetDependency";
         target = "swift-nio::CNIOAtomics";
      };
      "OBJ_199" = {
         isa = "PBXTargetDependency";
         target = "swift-nio::CNIODarwin";
      };
      "OBJ_2" = {
         isa = "XCConfigurationList";
         buildConfigurations = (
            "OBJ_3",
            "OBJ_4"
         );
         defaultConfigurationIsVisible = "0";
         defaultConfigurationName = "Release";
      };
      "OBJ_20" = {
         isa = "PBXGroup";
         children = (
         );
         name = "NIOWebSocket";
         path = ".build/checkouts/swift-nio.git--5541947319686965451/Sources/NIOWebSocket";
         sourceTree = "SOURCE_ROOT";
      };
      "OBJ_200" = {
         isa = "PBXTargetDependency";
         target = "swift-nio::CNIOLinux";
      };
      "OBJ_202" = {
         isa = "XCConfigurationList";
         buildConfigurations = (
            "OBJ_203",
            "OBJ_204"
         );
         defaultConfigurationIsVisible = "0";
         defaultConfigurationName = "Release";
      };
      "OBJ_203" = {
         isa = "XCBuildConfiguration";
         buildSettings = {
            LD = "/usr/bin/true";
            OTHER_SWIFT_FLAGS = (
               "-swift-version",
               "4.2",
               "-I",
               "$(TOOLCHAIN_DIR)/usr/lib/swift/pm/4_2",
               "-target",
               "x86_64-apple-macosx10.10",
               "-sdk",
               "/Applications/Xcode.app/Contents/Developer/Platforms/MacOSX.platform/Developer/SDKs/MacOSX10.14.sdk"
            );
            SWIFT_VERSION = "4.2";
         };
         name = "Debug";
      };
      "OBJ_204" = {
         isa = "XCBuildConfiguration";
         buildSettings = {
            LD = "/usr/bin/true";
            OTHER_SWIFT_FLAGS = (
               "-swift-version",
               "4.2",
               "-I",
               "$(TOOLCHAIN_DIR)/usr/lib/swift/pm/4_2",
               "-target",
               "x86_64-apple-macosx10.10",
               "-sdk",
               "/Applications/Xcode.app/Contents/Developer/Platforms/MacOSX.platform/Developer/SDKs/MacOSX10.14.sdk"
            );
            SWIFT_VERSION = "4.2";
         };
         name = "Release";
      };
      "OBJ_205" = {
         isa = "PBXSourcesBuildPhase";
         files = (
            "OBJ_206"
         );
      };
      "OBJ_206" = {
         isa = "PBXBuildFile";
         fileRef = "OBJ_6";
      };
      "OBJ_207" = {
         isa = "XCConfigurationList";
         buildConfigurations = (
            "OBJ_208",
            "OBJ_209"
         );
         defaultConfigurationIsVisible = "0";
         defaultConfigurationName = "Release";
      };
      "OBJ_208" = {
         isa = "XCBuildConfiguration";
         buildSettings = {
            ENABLE_TESTABILITY = "YES";
            FRAMEWORK_SEARCH_PATHS = (
               "$(inherited)",
               "$(PLATFORM_DIR)/Developer/Library/Frameworks"
            );
            HEADER_SEARCH_PATHS = (
               "$(inherited)",
               "$(SRCROOT)/.build/checkouts/swift-nio.git--5541947319686965451/Sources/CNIOSHA1/include",
               "$(SRCROOT)/.build/checkouts/swift-nio.git--5541947319686965451/Sources/CNIOAtomics/include",
               "$(SRCROOT)/.build/checkouts/swift-nio.git--5541947319686965451/Sources/CNIODarwin/include",
               "$(SRCROOT)/.build/checkouts/swift-nio.git--5541947319686965451/Sources/CNIOLinux/include",
               "$(SRCROOT)/.build/checkouts/swift-nio-zlib-support.git-8214147926567245898"
            );
            INFOPLIST_FILE = "LifeServer.xcodeproj/NIO_Info.plist";
            LD_RUNPATH_SEARCH_PATHS = (
               "$(inherited)",
               "$(TOOLCHAIN_DIR)/usr/lib/swift/macosx"
            );
            OTHER_CFLAGS = (
               "$(inherited)"
            );
            OTHER_LDFLAGS = (
               "$(inherited)"
            );
            OTHER_SWIFT_FLAGS = (
               "$(inherited)"
            );
            PRODUCT_BUNDLE_IDENTIFIER = "NIO";
            PRODUCT_MODULE_NAME = "$(TARGET_NAME:c99extidentifier)";
            PRODUCT_NAME = "$(TARGET_NAME:c99extidentifier)";
            SKIP_INSTALL = "YES";
            SWIFT_ACTIVE_COMPILATION_CONDITIONS = (
               "$(inherited)"
            );
            SWIFT_VERSION = "4.0";
            TARGET_NAME = "NIO";
         };
         name = "Debug";
      };
      "OBJ_209" = {
         isa = "XCBuildConfiguration";
         buildSettings = {
            ENABLE_TESTABILITY = "YES";
            FRAMEWORK_SEARCH_PATHS = (
               "$(inherited)",
               "$(PLATFORM_DIR)/Developer/Library/Frameworks"
            );
            HEADER_SEARCH_PATHS = (
               "$(inherited)",
               "$(SRCROOT)/.build/checkouts/swift-nio.git--5541947319686965451/Sources/CNIOSHA1/include",
               "$(SRCROOT)/.build/checkouts/swift-nio.git--5541947319686965451/Sources/CNIOAtomics/include",
               "$(SRCROOT)/.build/checkouts/swift-nio.git--5541947319686965451/Sources/CNIODarwin/include",
               "$(SRCROOT)/.build/checkouts/swift-nio.git--5541947319686965451/Sources/CNIOLinux/include",
               "$(SRCROOT)/.build/checkouts/swift-nio-zlib-support.git-8214147926567245898"
            );
            INFOPLIST_FILE = "LifeServer.xcodeproj/NIO_Info.plist";
            LD_RUNPATH_SEARCH_PATHS = (
               "$(inherited)",
               "$(TOOLCHAIN_DIR)/usr/lib/swift/macosx"
            );
            OTHER_CFLAGS = (
               "$(inherited)"
            );
            OTHER_LDFLAGS = (
               "$(inherited)"
            );
            OTHER_SWIFT_FLAGS = (
               "$(inherited)"
            );
            PRODUCT_BUNDLE_IDENTIFIER = "NIO";
            PRODUCT_MODULE_NAME = "$(TARGET_NAME:c99extidentifier)";
            PRODUCT_NAME = "$(TARGET_NAME:c99extidentifier)";
            SKIP_INSTALL = "YES";
            SWIFT_ACTIVE_COMPILATION_CONDITIONS = (
               "$(inherited)"
            );
            SWIFT_VERSION = "4.0";
            TARGET_NAME = "NIO";
         };
         name = "Release";
      };
      "OBJ_21" = {
         isa = "PBXGroup";
         children = (
         );
         name = "NIOWebSocketServer";
         path = ".build/checkouts/swift-nio.git--5541947319686965451/Sources/NIOWebSocketServer";
         sourceTree = "SOURCE_ROOT";
      };
      "OBJ_210" = {
         isa = "PBXSourcesBuildPhase";
         files = (
            "OBJ_211",
            "OBJ_212",
            "OBJ_213",
            "OBJ_214",
            "OBJ_215",
            "OBJ_216",
            "OBJ_217",
            "OBJ_218",
            "OBJ_219",
            "OBJ_220",
            "OBJ_221",
            "OBJ_222",
            "OBJ_223",
            "OBJ_224",
            "OBJ_225",
            "OBJ_226",
            "OBJ_227",
            "OBJ_228",
            "OBJ_229",
            "OBJ_230",
            "OBJ_231",
            "OBJ_232",
            "OBJ_233",
            "OBJ_234",
            "OBJ_235",
            "OBJ_236",
            "OBJ_237",
            "OBJ_238",
            "OBJ_239",
            "OBJ_240",
            "OBJ_241",
            "OBJ_242",
            "OBJ_243",
            "OBJ_244",
            "OBJ_245",
            "OBJ_246",
            "OBJ_247",
            "OBJ_248",
            "OBJ_249",
            "OBJ_250",
            "OBJ_251",
            "OBJ_252",
            "OBJ_253",
            "OBJ_254",
            "OBJ_255",
            "OBJ_256",
            "OBJ_257",
            "OBJ_258",
            "OBJ_259",
            "OBJ_260",
            "OBJ_261",
            "OBJ_262",
            "OBJ_263",
            "OBJ_264",
            "OBJ_265"
         );
      };
      "OBJ_211" = {
         isa = "PBXBuildFile";
         fileRef = "OBJ_30";
      };
      "OBJ_212" = {
         isa = "PBXBuildFile";
         fileRef = "OBJ_31";
      };
      "OBJ_213" = {
         isa = "PBXBuildFile";
         fileRef = "OBJ_32";
      };
      "OBJ_214" = {
         isa = "PBXBuildFile";
         fileRef = "OBJ_33";
      };
      "OBJ_215" = {
         isa = "PBXBuildFile";
         fileRef = "OBJ_34";
      };
      "OBJ_216" = {
         isa = "PBXBuildFile";
         fileRef = "OBJ_35";
      };
      "OBJ_217" = {
         isa = "PBXBuildFile";
         fileRef = "OBJ_36";
      };
      "OBJ_218" = {
         isa = "PBXBuildFile";
         fileRef = "OBJ_37";
      };
      "OBJ_219" = {
         isa = "PBXBuildFile";
         fileRef = "OBJ_38";
      };
      "OBJ_22" = {
         isa = "PBXGroup";
         children = (
         );
         name = "NIOChatServer";
         path = ".build/checkouts/swift-nio.git--5541947319686965451/Sources/NIOChatServer";
         sourceTree = "SOURCE_ROOT";
      };
      "OBJ_220" = {
         isa = "PBXBuildFile";
         fileRef = "OBJ_39";
      };
      "OBJ_221" = {
         isa = "PBXBuildFile";
         fileRef = "OBJ_40";
      };
      "OBJ_222" = {
         isa = "PBXBuildFile";
         fileRef = "OBJ_41";
      };
      "OBJ_223" = {
         isa = "PBXBuildFile";
         fileRef = "OBJ_42";
      };
      "OBJ_224" = {
         isa = "PBXBuildFile";
         fileRef = "OBJ_43";
      };
      "OBJ_225" = {
         isa = "PBXBuildFile";
         fileRef = "OBJ_44";
      };
      "OBJ_226" = {
         isa = "PBXBuildFile";
         fileRef = "OBJ_45";
      };
      "OBJ_227" = {
         isa = "PBXBuildFile";
         fileRef = "OBJ_46";
      };
      "OBJ_228" = {
         isa = "PBXBuildFile";
         fileRef = "OBJ_47";
      };
      "OBJ_229" = {
         isa = "PBXBuildFile";
         fileRef = "OBJ_48";
      };
      "OBJ_23" = {
         isa = "PBXGroup";
         children = (
         );
         name = "CNIOHTTPParser";
         path = ".build/checkouts/swift-nio.git--5541947319686965451/Sources/CNIOHTTPParser";
         sourceTree = "SOURCE_ROOT";
      };
      "OBJ_230" = {
         isa = "PBXBuildFile";
         fileRef = "OBJ_49";
      };
      "OBJ_231" = {
         isa = "PBXBuildFile";
         fileRef = "OBJ_50";
      };
      "OBJ_232" = {
         isa = "PBXBuildFile";
         fileRef = "OBJ_51";
      };
      "OBJ_233" = {
         isa = "PBXBuildFile";
         fileRef = "OBJ_52";
      };
      "OBJ_234" = {
         isa = "PBXBuildFile";
         fileRef = "OBJ_53";
      };
      "OBJ_235" = {
         isa = "PBXBuildFile";
         fileRef = "OBJ_54";
      };
      "OBJ_236" = {
         isa = "PBXBuildFile";
         fileRef = "OBJ_55";
      };
      "OBJ_237" = {
         isa = "PBXBuildFile";
         fileRef = "OBJ_56";
      };
      "OBJ_238" = {
         isa = "PBXBuildFile";
         fileRef = "OBJ_57";
      };
      "OBJ_239" = {
         isa = "PBXBuildFile";
         fileRef = "OBJ_58";
      };
      "OBJ_24" = {
         isa = "PBXGroup";
         children = (
            "OBJ_25",
            "OBJ_26"
         );
         name = "CNIOSHA1";
         path = ".build/checkouts/swift-nio.git--5541947319686965451/Sources/CNIOSHA1";
         sourceTree = "SOURCE_ROOT";
      };
      "OBJ_240" = {
         isa = "PBXBuildFile";
         fileRef = "OBJ_59";
      };
      "OBJ_241" = {
         isa = "PBXBuildFile";
         fileRef = "OBJ_60";
      };
      "OBJ_242" = {
         isa = "PBXBuildFile";
         fileRef = "OBJ_61";
      };
      "OBJ_243" = {
         isa = "PBXBuildFile";
         fileRef = "OBJ_62";
      };
      "OBJ_244" = {
         isa = "PBXBuildFile";
         fileRef = "OBJ_63";
      };
      "OBJ_245" = {
         isa = "PBXBuildFile";
         fileRef = "OBJ_64";
      };
      "OBJ_246" = {
         isa = "PBXBuildFile";
         fileRef = "OBJ_65";
      };
      "OBJ_247" = {
         isa = "PBXBuildFile";
         fileRef = "OBJ_66";
      };
      "OBJ_248" = {
         isa = "PBXBuildFile";
         fileRef = "OBJ_67";
      };
      "OBJ_249" = {
         isa = "PBXBuildFile";
         fileRef = "OBJ_68";
      };
      "OBJ_25" = {
         isa = "PBXFileReference";
         path = "c_nio_sha1.c";
         sourceTree = "<group>";
      };
      "OBJ_250" = {
         isa = "PBXBuildFile";
         fileRef = "OBJ_69";
      };
      "OBJ_251" = {
         isa = "PBXBuildFile";
         fileRef = "OBJ_70";
      };
      "OBJ_252" = {
         isa = "PBXBuildFile";
         fileRef = "OBJ_71";
      };
      "OBJ_253" = {
         isa = "PBXBuildFile";
         fileRef = "OBJ_72";
      };
      "OBJ_254" = {
         isa = "PBXBuildFile";
         fileRef = "OBJ_73";
      };
      "OBJ_255" = {
         isa = "PBXBuildFile";
         fileRef = "OBJ_74";
      };
      "OBJ_256" = {
         isa = "PBXBuildFile";
         fileRef = "OBJ_75";
      };
      "OBJ_257" = {
         isa = "PBXBuildFile";
         fileRef = "OBJ_76";
      };
      "OBJ_258" = {
         isa = "PBXBuildFile";
         fileRef = "OBJ_77";
      };
      "OBJ_259" = {
         isa = "PBXBuildFile";
         fileRef = "OBJ_78";
      };
      "OBJ_26" = {
         isa = "PBXGroup";
         children = (
            "OBJ_27"
         );
         name = "include";
         path = "include";
         sourceTree = "<group>";
      };
      "OBJ_260" = {
         isa = "PBXBuildFile";
         fileRef = "OBJ_79";
      };
      "OBJ_261" = {
         isa = "PBXBuildFile";
         fileRef = "OBJ_80";
      };
      "OBJ_262" = {
         isa = "PBXBuildFile";
         fileRef = "OBJ_81";
      };
      "OBJ_263" = {
         isa = "PBXBuildFile";
         fileRef = "OBJ_82";
      };
      "OBJ_264" = {
         isa = "PBXBuildFile";
         fileRef = "OBJ_83";
      };
      "OBJ_265" = {
         isa = "PBXBuildFile";
         fileRef = "OBJ_84";
      };
      "OBJ_266" = {
         isa = "PBXFrameworksBuildPhase";
         files = (
            "OBJ_267",
            "OBJ_268",
            "OBJ_269",
            "OBJ_270",
            "OBJ_271",
            "OBJ_272"
         );
      };
      "OBJ_267" = {
         isa = "PBXBuildFile";
         fileRef = "swift-nio::CNIOSHA1::Product";
      };
      "OBJ_268" = {
         isa = "PBXBuildFile";
         fileRef = "swift-nio::NIOPriorityQueue::Product";
      };
      "OBJ_269" = {
         isa = "PBXBuildFile";
         fileRef = "swift-nio::NIOConcurrencyHelpers::Product";
      };
      "OBJ_27" = {
         isa = "PBXFileReference";
         path = "CNIOSHA1.h";
         sourceTree = "<group>";
      };
      "OBJ_270" = {
         isa = "PBXBuildFile";
         fileRef = "swift-nio::CNIOAtomics::Product";
      };
      "OBJ_271" = {
         isa = "PBXBuildFile";
         fileRef = "swift-nio::CNIODarwin::Product";
      };
      "OBJ_272" = {
         isa = "PBXBuildFile";
         fileRef = "swift-nio::CNIOLinux::Product";
      };
      "OBJ_273" = {
         isa = "PBXTargetDependency";
         target = "swift-nio::CNIOSHA1";
      };
      "OBJ_274" = {
         isa = "PBXTargetDependency";
         target = "swift-nio::NIOPriorityQueue";
      };
      "OBJ_275" = {
         isa = "PBXTargetDependency";
         target = "swift-nio::NIOConcurrencyHelpers";
      };
      "OBJ_276" = {
         isa = "PBXTargetDependency";
         target = "swift-nio::CNIOAtomics";
      };
      "OBJ_277" = {
         isa = "PBXTargetDependency";
         target = "swift-nio::CNIODarwin";
      };
      "OBJ_278" = {
         isa = "PBXTargetDependency";
         target = "swift-nio::CNIOLinux";
      };
      "OBJ_279" = {
         isa = "XCConfigurationList";
         buildConfigurations = (
            "OBJ_280",
            "OBJ_281"
         );
         defaultConfigurationIsVisible = "0";
         defaultConfigurationName = "Release";
      };
      "OBJ_28" = {
         isa = "PBXGroup";
         children = (
         );
         name = "CNIOZlib";
         path = ".build/checkouts/swift-nio.git--5541947319686965451/Sources/CNIOZlib";
         sourceTree = "SOURCE_ROOT";
      };
      "OBJ_280" = {
         isa = "XCBuildConfiguration";
         buildSettings = {
            ENABLE_TESTABILITY = "YES";
            FRAMEWORK_SEARCH_PATHS = (
               "$(inherited)",
               "$(PLATFORM_DIR)/Developer/Library/Frameworks"
            );
            HEADER_SEARCH_PATHS = (
               "$(inherited)",
               "$(SRCROOT)/.build/checkouts/swift-nio.git--5541947319686965451/Sources/CNIOAtomics/include",
               "$(SRCROOT)/.build/checkouts/swift-nio-zlib-support.git-8214147926567245898"
            );
            INFOPLIST_FILE = "LifeServer.xcodeproj/NIOConcurrencyHelpers_Info.plist";
            LD_RUNPATH_SEARCH_PATHS = (
               "$(inherited)",
               "$(TOOLCHAIN_DIR)/usr/lib/swift/macosx"
            );
            OTHER_CFLAGS = (
               "$(inherited)"
            );
            OTHER_LDFLAGS = (
               "$(inherited)"
            );
            OTHER_SWIFT_FLAGS = (
               "$(inherited)"
            );
            PRODUCT_BUNDLE_IDENTIFIER = "NIOConcurrencyHelpers";
            PRODUCT_MODULE_NAME = "$(TARGET_NAME:c99extidentifier)";
            PRODUCT_NAME = "$(TARGET_NAME:c99extidentifier)";
            SKIP_INSTALL = "YES";
            SWIFT_ACTIVE_COMPILATION_CONDITIONS = (
               "$(inherited)"
            );
            SWIFT_VERSION = "4.0";
            TARGET_NAME = "NIOConcurrencyHelpers";
         };
         name = "Debug";
      };
      "OBJ_281" = {
         isa = "XCBuildConfiguration";
         buildSettings = {
            ENABLE_TESTABILITY = "YES";
            FRAMEWORK_SEARCH_PATHS = (
               "$(inherited)",
               "$(PLATFORM_DIR)/Developer/Library/Frameworks"
            );
            HEADER_SEARCH_PATHS = (
               "$(inherited)",
               "$(SRCROOT)/.build/checkouts/swift-nio.git--5541947319686965451/Sources/CNIOAtomics/include",
               "$(SRCROOT)/.build/checkouts/swift-nio-zlib-support.git-8214147926567245898"
            );
            INFOPLIST_FILE = "LifeServer.xcodeproj/NIOConcurrencyHelpers_Info.plist";
            LD_RUNPATH_SEARCH_PATHS = (
               "$(inherited)",
               "$(TOOLCHAIN_DIR)/usr/lib/swift/macosx"
            );
            OTHER_CFLAGS = (
               "$(inherited)"
            );
            OTHER_LDFLAGS = (
               "$(inherited)"
            );
            OTHER_SWIFT_FLAGS = (
               "$(inherited)"
            );
            PRODUCT_BUNDLE_IDENTIFIER = "NIOConcurrencyHelpers";
            PRODUCT_MODULE_NAME = "$(TARGET_NAME:c99extidentifier)";
            PRODUCT_NAME = "$(TARGET_NAME:c99extidentifier)";
            SKIP_INSTALL = "YES";
            SWIFT_ACTIVE_COMPILATION_CONDITIONS = (
               "$(inherited)"
            );
            SWIFT_VERSION = "4.0";
            TARGET_NAME = "NIOConcurrencyHelpers";
         };
         name = "Release";
      };
      "OBJ_282" = {
         isa = "PBXSourcesBuildPhase";
         files = (
            "OBJ_283",
            "OBJ_284"
         );
      };
      "OBJ_283" = {
         isa = "PBXBuildFile";
         fileRef = "OBJ_109";
      };
      "OBJ_284" = {
         isa = "PBXBuildFile";
         fileRef = "OBJ_110";
      };
      "OBJ_285" = {
         isa = "PBXFrameworksBuildPhase";
         files = (
            "OBJ_286"
         );
      };
      "OBJ_286" = {
         isa = "PBXBuildFile";
         fileRef = "swift-nio::CNIOAtomics::Product";
      };
      "OBJ_287" = {
         isa = "PBXTargetDependency";
         target = "swift-nio::CNIOAtomics";
      };
      "OBJ_288" = {
         isa = "XCConfigurationList";
         buildConfigurations = (
            "OBJ_289",
            "OBJ_290"
         );
         defaultConfigurationIsVisible = "0";
         defaultConfigurationName = "Release";
      };
      "OBJ_289" = {
         isa = "XCBuildConfiguration";
         buildSettings = {
            ENABLE_TESTABILITY = "YES";
            FRAMEWORK_SEARCH_PATHS = (
               "$(inherited)",
               "$(PLATFORM_DIR)/Developer/Library/Frameworks"
            );
            HEADER_SEARCH_PATHS = (
               "$(inherited)",
               "$(SRCROOT)/.build/checkouts/swift-nio.git--5541947319686965451/Sources/CNIOSHA1/include",
               "$(SRCROOT)/.build/checkouts/swift-nio.git--5541947319686965451/Sources/CNIOAtomics/include",
               "$(SRCROOT)/.build/checkouts/swift-nio.git--5541947319686965451/Sources/CNIODarwin/include",
               "$(SRCROOT)/.build/checkouts/swift-nio.git--5541947319686965451/Sources/CNIOLinux/include",
               "$(SRCROOT)/.build/checkouts/swift-nio-zlib-support.git-8214147926567245898"
            );
            INFOPLIST_FILE = "LifeServer.xcodeproj/NIOFoundationCompat_Info.plist";
            LD_RUNPATH_SEARCH_PATHS = (
               "$(inherited)",
               "$(TOOLCHAIN_DIR)/usr/lib/swift/macosx"
            );
            OTHER_CFLAGS = (
               "$(inherited)"
            );
            OTHER_LDFLAGS = (
               "$(inherited)"
            );
            OTHER_SWIFT_FLAGS = (
               "$(inherited)"
            );
            PRODUCT_BUNDLE_IDENTIFIER = "NIOFoundationCompat";
            PRODUCT_MODULE_NAME = "$(TARGET_NAME:c99extidentifier)";
            PRODUCT_NAME = "$(TARGET_NAME:c99extidentifier)";
            SKIP_INSTALL = "YES";
            SWIFT_ACTIVE_COMPILATION_CONDITIONS = (
               "$(inherited)"
            );
            SWIFT_VERSION = "4.0";
            TARGET_NAME = "NIOFoundationCompat";
         };
         name = "Debug";
      };
      "OBJ_29" = {
         isa = "PBXGroup";
         children = (
            "OBJ_30",
            "OBJ_31",
            "OBJ_32",
            "OBJ_33",
            "OBJ_34",
            "OBJ_35",
            "OBJ_36",
            "OBJ_37",
            "OBJ_38",
            "OBJ_39",
            "OBJ_40",
            "OBJ_41",
            "OBJ_42",
            "OBJ_43",
            "OBJ_44",
            "OBJ_45",
            "OBJ_46",
            "OBJ_47",
            "OBJ_48",
            "OBJ_49",
            "OBJ_50",
            "OBJ_51",
            "OBJ_52",
            "OBJ_53",
            "OBJ_54",
            "OBJ_55",
            "OBJ_56",
            "OBJ_57",
            "OBJ_58",
            "OBJ_59",
            "OBJ_60",
            "OBJ_61",
            "OBJ_62",
            "OBJ_63",
            "OBJ_64",
            "OBJ_65",
            "OBJ_66",
            "OBJ_67",
            "OBJ_68",
            "OBJ_69",
            "OBJ_70",
            "OBJ_71",
            "OBJ_72",
            "OBJ_73",
            "OBJ_74",
            "OBJ_75",
            "OBJ_76",
            "OBJ_77",
            "OBJ_78",
            "OBJ_79",
            "OBJ_80",
            "OBJ_81",
            "OBJ_82",
            "OBJ_83",
            "OBJ_84"
         );
         name = "NIO";
         path = ".build/checkouts/swift-nio.git--5541947319686965451/Sources/NIO";
         sourceTree = "SOURCE_ROOT";
      };
      "OBJ_290" = {
         isa = "XCBuildConfiguration";
         buildSettings = {
            ENABLE_TESTABILITY = "YES";
            FRAMEWORK_SEARCH_PATHS = (
               "$(inherited)",
               "$(PLATFORM_DIR)/Developer/Library/Frameworks"
            );
            HEADER_SEARCH_PATHS = (
               "$(inherited)",
               "$(SRCROOT)/.build/checkouts/swift-nio.git--5541947319686965451/Sources/CNIOSHA1/include",
               "$(SRCROOT)/.build/checkouts/swift-nio.git--5541947319686965451/Sources/CNIOAtomics/include",
               "$(SRCROOT)/.build/checkouts/swift-nio.git--5541947319686965451/Sources/CNIODarwin/include",
               "$(SRCROOT)/.build/checkouts/swift-nio.git--5541947319686965451/Sources/CNIOLinux/include",
               "$(SRCROOT)/.build/checkouts/swift-nio-zlib-support.git-8214147926567245898"
            );
            INFOPLIST_FILE = "LifeServer.xcodeproj/NIOFoundationCompat_Info.plist";
            LD_RUNPATH_SEARCH_PATHS = (
               "$(inherited)",
               "$(TOOLCHAIN_DIR)/usr/lib/swift/macosx"
            );
            OTHER_CFLAGS = (
               "$(inherited)"
            );
            OTHER_LDFLAGS = (
               "$(inherited)"
            );
            OTHER_SWIFT_FLAGS = (
               "$(inherited)"
            );
            PRODUCT_BUNDLE_IDENTIFIER = "NIOFoundationCompat";
            PRODUCT_MODULE_NAME = "$(TARGET_NAME:c99extidentifier)";
            PRODUCT_NAME = "$(TARGET_NAME:c99extidentifier)";
            SKIP_INSTALL = "YES";
            SWIFT_ACTIVE_COMPILATION_CONDITIONS = (
               "$(inherited)"
            );
            SWIFT_VERSION = "4.0";
            TARGET_NAME = "NIOFoundationCompat";
         };
         name = "Release";
      };
      "OBJ_291" = {
         isa = "PBXSourcesBuildPhase";
         files = (
            "OBJ_292"
         );
      };
      "OBJ_292" = {
         isa = "PBXBuildFile";
         fileRef = "OBJ_103";
      };
      "OBJ_293" = {
         isa = "PBXFrameworksBuildPhase";
         files = (
            "OBJ_294",
            "OBJ_295",
            "OBJ_296",
            "OBJ_297",
            "OBJ_298",
            "OBJ_299",
            "OBJ_300"
         );
      };
      "OBJ_294" = {
         isa = "PBXBuildFile";
         fileRef = "swift-nio::NIO::Product";
      };
      "OBJ_295" = {
         isa = "PBXBuildFile";
         fileRef = "swift-nio::CNIOSHA1::Product";
      };
      "OBJ_296" = {
         isa = "PBXBuildFile";
         fileRef = "swift-nio::NIOPriorityQueue::Product";
      };
      "OBJ_297" = {
         isa = "PBXBuildFile";
         fileRef = "swift-nio::NIOConcurrencyHelpers::Product";
      };
      "OBJ_298" = {
         isa = "PBXBuildFile";
         fileRef = "swift-nio::CNIOAtomics::Product";
      };
      "OBJ_299" = {
         isa = "PBXBuildFile";
         fileRef = "swift-nio::CNIODarwin::Product";
      };
      "OBJ_3" = {
         isa = "XCBuildConfiguration";
         buildSettings = {
            CLANG_ENABLE_OBJC_ARC = "YES";
            COMBINE_HIDPI_IMAGES = "YES";
            COPY_PHASE_STRIP = "NO";
            DEBUG_INFORMATION_FORMAT = "dwarf";
            DYLIB_INSTALL_NAME_BASE = "@rpath";
            ENABLE_NS_ASSERTIONS = "YES";
            GCC_OPTIMIZATION_LEVEL = "0";
            GCC_PREPROCESSOR_DEFINITIONS = (
               "DEBUG=1",
               "$(inherited)"
            );
            MACOSX_DEPLOYMENT_TARGET = "10.10";
            ONLY_ACTIVE_ARCH = "YES";
            OTHER_SWIFT_FLAGS = (
               "-DXcode"
            );
            PRODUCT_NAME = "$(TARGET_NAME)";
            SDKROOT = "macosx";
            SUPPORTED_PLATFORMS = (
               "macosx",
               "iphoneos",
               "iphonesimulator",
               "appletvos",
               "appletvsimulator",
               "watchos",
               "watchsimulator"
            );
            SWIFT_ACTIVE_COMPILATION_CONDITIONS = (
               "SWIFT_PACKAGE",
               "DEBUG"
            );
            SWIFT_OPTIMIZATION_LEVEL = "-Onone";
            USE_HEADERMAP = "NO";
         };
         name = "Debug";
      };
      "OBJ_30" = {
         isa = "PBXFileReference";
         path = "AddressedEnvelope.swift";
         sourceTree = "<group>";
      };
      "OBJ_300" = {
         isa = "PBXBuildFile";
         fileRef = "swift-nio::CNIOLinux::Product";
      };
      "OBJ_301" = {
         isa = "PBXTargetDependency";
         target = "swift-nio::NIO";
      };
      "OBJ_302" = {
         isa = "PBXTargetDependency";
         target = "swift-nio::CNIOSHA1";
      };
      "OBJ_303" = {
         isa = "PBXTargetDependency";
         target = "swift-nio::NIOPriorityQueue";
      };
      "OBJ_304" = {
         isa = "PBXTargetDependency";
         target = "swift-nio::NIOConcurrencyHelpers";
      };
      "OBJ_305" = {
         isa = "PBXTargetDependency";
         target = "swift-nio::CNIOAtomics";
      };
      "OBJ_306" = {
         isa = "PBXTargetDependency";
         target = "swift-nio::CNIODarwin";
      };
      "OBJ_307" = {
         isa = "PBXTargetDependency";
         target = "swift-nio::CNIOLinux";
      };
      "OBJ_308" = {
         isa = "XCConfigurationList";
         buildConfigurations = (
            "OBJ_309",
            "OBJ_310"
         );
         defaultConfigurationIsVisible = "0";
         defaultConfigurationName = "Release";
      };
      "OBJ_309" = {
         isa = "XCBuildConfiguration";
         buildSettings = {
            ENABLE_TESTABILITY = "YES";
            FRAMEWORK_SEARCH_PATHS = (
               "$(inherited)",
               "$(PLATFORM_DIR)/Developer/Library/Frameworks"
            );
            HEADER_SEARCH_PATHS = (
               "$(inherited)",
               "$(SRCROOT)/.build/checkouts/swift-nio-zlib-support.git-8214147926567245898"
            );
            INFOPLIST_FILE = "LifeServer.xcodeproj/NIOPriorityQueue_Info.plist";
            LD_RUNPATH_SEARCH_PATHS = (
               "$(inherited)",
               "$(TOOLCHAIN_DIR)/usr/lib/swift/macosx"
            );
            OTHER_CFLAGS = (
               "$(inherited)"
            );
            OTHER_LDFLAGS = (
               "$(inherited)"
            );
            OTHER_SWIFT_FLAGS = (
               "$(inherited)"
            );
            PRODUCT_BUNDLE_IDENTIFIER = "NIOPriorityQueue";
            PRODUCT_MODULE_NAME = "$(TARGET_NAME:c99extidentifier)";
            PRODUCT_NAME = "$(TARGET_NAME:c99extidentifier)";
            SKIP_INSTALL = "YES";
            SWIFT_ACTIVE_COMPILATION_CONDITIONS = (
               "$(inherited)"
            );
            SWIFT_VERSION = "4.0";
            TARGET_NAME = "NIOPriorityQueue";
         };
         name = "Debug";
      };
      "OBJ_31" = {
         isa = "PBXFileReference";
         path = "BaseSocket.swift";
         sourceTree = "<group>";
      };
      "OBJ_310" = {
         isa = "XCBuildConfiguration";
         buildSettings = {
            ENABLE_TESTABILITY = "YES";
            FRAMEWORK_SEARCH_PATHS = (
               "$(inherited)",
               "$(PLATFORM_DIR)/Developer/Library/Frameworks"
            );
            HEADER_SEARCH_PATHS = (
               "$(inherited)",
               "$(SRCROOT)/.build/checkouts/swift-nio-zlib-support.git-8214147926567245898"
            );
            INFOPLIST_FILE = "LifeServer.xcodeproj/NIOPriorityQueue_Info.plist";
            LD_RUNPATH_SEARCH_PATHS = (
               "$(inherited)",
               "$(TOOLCHAIN_DIR)/usr/lib/swift/macosx"
            );
            OTHER_CFLAGS = (
               "$(inherited)"
            );
            OTHER_LDFLAGS = (
               "$(inherited)"
            );
            OTHER_SWIFT_FLAGS = (
               "$(inherited)"
            );
            PRODUCT_BUNDLE_IDENTIFIER = "NIOPriorityQueue";
            PRODUCT_MODULE_NAME = "$(TARGET_NAME:c99extidentifier)";
            PRODUCT_NAME = "$(TARGET_NAME:c99extidentifier)";
            SKIP_INSTALL = "YES";
            SWIFT_ACTIVE_COMPILATION_CONDITIONS = (
               "$(inherited)"
            );
            SWIFT_VERSION = "4.0";
            TARGET_NAME = "NIOPriorityQueue";
         };
         name = "Release";
      };
      "OBJ_311" = {
         isa = "PBXSourcesBuildPhase";
         files = (
            "OBJ_312",
            "OBJ_313"
         );
      };
      "OBJ_312" = {
         isa = "PBXBuildFile";
         fileRef = "OBJ_99";
      };
      "OBJ_313" = {
         isa = "PBXBuildFile";
         fileRef = "OBJ_100";
      };
      "OBJ_314" = {
         isa = "PBXFrameworksBuildPhase";
         files = (
         );
      };
      "OBJ_316" = {
         isa = "XCConfigurationList";
         buildConfigurations = (
            "OBJ_317",
            "OBJ_318"
         );
         defaultConfigurationIsVisible = "0";
         defaultConfigurationName = "Release";
      };
      "OBJ_317" = {
         isa = "XCBuildConfiguration";
         buildSettings = {
            LD = "/usr/bin/true";
            OTHER_SWIFT_FLAGS = (
               "-swift-version",
               "4",
               "-I",
               "$(TOOLCHAIN_DIR)/usr/lib/swift/pm/4",
               "-target",
               "x86_64-apple-macosx10.10",
               "-sdk",
               "/Applications/Xcode.app/Contents/Developer/Platforms/MacOSX.platform/Developer/SDKs/MacOSX10.14.sdk"
            );
            SWIFT_VERSION = "4.0";
         };
         name = "Debug";
      };
      "OBJ_318" = {
         isa = "XCBuildConfiguration";
         buildSettings = {
            LD = "/usr/bin/true";
            OTHER_SWIFT_FLAGS = (
               "-swift-version",
               "4",
               "-I",
               "$(TOOLCHAIN_DIR)/usr/lib/swift/pm/4",
               "-target",
               "x86_64-apple-macosx10.10",
               "-sdk",
               "/Applications/Xcode.app/Contents/Developer/Platforms/MacOSX.platform/Developer/SDKs/MacOSX10.14.sdk"
            );
            SWIFT_VERSION = "4.0";
         };
         name = "Release";
      };
      "OBJ_319" = {
         isa = "PBXSourcesBuildPhase";
         files = (
            "OBJ_320"
         );
      };
      "OBJ_32" = {
         isa = "PBXFileReference";
         path = "BaseSocketChannel.swift";
         sourceTree = "<group>";
      };
      "OBJ_320" = {
         isa = "PBXBuildFile";
         fileRef = "OBJ_117";
      };
      "OBJ_33" = {
         isa = "PBXFileReference";
         path = "BlockingIOThreadPool.swift";
         sourceTree = "<group>";
      };
      "OBJ_34" = {
         isa = "PBXFileReference";
         path = "Bootstrap.swift";
         sourceTree = "<group>";
      };
      "OBJ_35" = {
         isa = "PBXFileReference";
         path = "ByteBuffer-aux.swift";
         sourceTree = "<group>";
      };
      "OBJ_36" = {
         isa = "PBXFileReference";
         path = "ByteBuffer-core.swift";
         sourceTree = "<group>";
      };
      "OBJ_37" = {
         isa = "PBXFileReference";
         path = "ByteBuffer-int.swift";
         sourceTree = "<group>";
      };
      "OBJ_38" = {
         isa = "PBXFileReference";
         path = "ByteBuffer-views.swift";
         sourceTree = "<group>";
      };
      "OBJ_39" = {
         isa = "PBXFileReference";
         path = "Channel.swift";
         sourceTree = "<group>";
      };
      "OBJ_4" = {
         isa = "XCBuildConfiguration";
         buildSettings = {
            CLANG_ENABLE_OBJC_ARC = "YES";
            COMBINE_HIDPI_IMAGES = "YES";
            COPY_PHASE_STRIP = "YES";
            DEBUG_INFORMATION_FORMAT = "dwarf-with-dsym";
            DYLIB_INSTALL_NAME_BASE = "@rpath";
            GCC_OPTIMIZATION_LEVEL = "s";
            MACOSX_DEPLOYMENT_TARGET = "10.10";
            OTHER_SWIFT_FLAGS = (
               "-DXcode"
            );
            PRODUCT_NAME = "$(TARGET_NAME)";
            SDKROOT = "macosx";
            SUPPORTED_PLATFORMS = (
               "macosx",
               "iphoneos",
               "iphonesimulator",
               "appletvos",
               "appletvsimulator",
               "watchos",
               "watchsimulator"
            );
            SWIFT_ACTIVE_COMPILATION_CONDITIONS = (
               "SWIFT_PACKAGE"
            );
            SWIFT_OPTIMIZATION_LEVEL = "-Owholemodule";
            USE_HEADERMAP = "NO";
         };
         name = "Release";
      };
      "OBJ_40" = {
         isa = "PBXFileReference";
         path = "ChannelHandler.swift";
         sourceTree = "<group>";
      };
      "OBJ_41" = {
         isa = "PBXFileReference";
         path = "ChannelHandlers.swift";
         sourceTree = "<group>";
      };
      "OBJ_42" = {
         isa = "PBXFileReference";
         path = "ChannelInvoker.swift";
         sourceTree = "<group>";
      };
      "OBJ_43" = {
         isa = "PBXFileReference";
         path = "ChannelOption.swift";
         sourceTree = "<group>";
      };
      "OBJ_44" = {
         isa = "PBXFileReference";
         path = "ChannelPipeline.swift";
         sourceTree = "<group>";
      };
      "OBJ_45" = {
         isa = "PBXFileReference";
         path = "CircularBuffer.swift";
         sourceTree = "<group>";
      };
      "OBJ_46" = {
         isa = "PBXFileReference";
         path = "Codec.swift";
         sourceTree = "<group>";
      };
      "OBJ_47" = {
         isa = "PBXFileReference";
         path = "CompositeError.swift";
         sourceTree = "<group>";
      };
      "OBJ_48" = {
         isa = "PBXFileReference";
         path = "ContiguousCollection.swift";
         sourceTree = "<group>";
      };
      "OBJ_49" = {
         isa = "PBXFileReference";
         path = "DeadChannel.swift";
         sourceTree = "<group>";
      };
      "OBJ_5" = {
         isa = "PBXGroup";
         children = (
            "OBJ_6",
            "OBJ_7",
            "OBJ_17",
            "OBJ_18",
            "OBJ_118"
         );
         path = "";
         sourceTree = "<group>";
      };
      "OBJ_50" = {
         isa = "PBXFileReference";
         path = "Embedded.swift";
         sourceTree = "<group>";
      };
      "OBJ_51" = {
         isa = "PBXFileReference";
         path = "EventLoop.swift";
         sourceTree = "<group>";
      };
      "OBJ_52" = {
         isa = "PBXFileReference";
         path = "EventLoopFuture.swift";
         sourceTree = "<group>";
      };
      "OBJ_53" = {
         isa = "PBXFileReference";
         path = "FileDescriptor.swift";
         sourceTree = "<group>";
      };
      "OBJ_54" = {
         isa = "PBXFileReference";
         path = "FileHandle.swift";
         sourceTree = "<group>";
      };
      "OBJ_55" = {
         isa = "PBXFileReference";
         path = "FileRegion.swift";
         sourceTree = "<group>";
      };
      "OBJ_56" = {
         isa = "PBXFileReference";
         path = "GetaddrinfoResolver.swift";
         sourceTree = "<group>";
      };
      "OBJ_57" = {
         isa = "PBXFileReference";
         path = "HappyEyeballs.swift";
         sourceTree = "<group>";
      };
      "OBJ_58" = {
         isa = "PBXFileReference";
         path = "Heap.swift";
         sourceTree = "<group>";
      };
      "OBJ_59" = {
         isa = "PBXFileReference";
         path = "IO.swift";
         sourceTree = "<group>";
      };
      "OBJ_6" = {
         isa = "PBXFileReference";
         explicitFileType = "sourcecode.swift";
         path = "Package.swift";
         sourceTree = "<group>";
      };
      "OBJ_60" = {
         isa = "PBXFileReference";
         path = "IOData.swift";
         sourceTree = "<group>";
      };
      "OBJ_61" = {
         isa = "PBXFileReference";
         path = "IntegerTypes.swift";
         sourceTree = "<group>";
      };
      "OBJ_62" = {
         isa = "PBXFileReference";
         path = "Interfaces.swift";
         sourceTree = "<group>";
      };
      "OBJ_63" = {
         isa = "PBXFileReference";
         path = "Linux.swift";
         sourceTree = "<group>";
      };
      "OBJ_64" = {
         isa = "PBXFileReference";
         path = "LinuxCPUSet.swift";
         sourceTree = "<group>";
      };
      "OBJ_65" = {
         isa = "PBXFileReference";
         path = "MarkedCircularBuffer.swift";
         sourceTree = "<group>";
      };
      "OBJ_66" = {
         isa = "PBXFileReference";
         path = "MulticastChannel.swift";
         sourceTree = "<group>";
      };
      "OBJ_67" = {
         isa = "PBXFileReference";
         path = "NIOAny.swift";
         sourceTree = "<group>";
      };
      "OBJ_68" = {
         isa = "PBXFileReference";
         path = "NonBlockingFileIO.swift";
         sourceTree = "<group>";
      };
      "OBJ_69" = {
         isa = "PBXFileReference";
         path = "PendingDatagramWritesManager.swift";
         sourceTree = "<group>";
      };
      "OBJ_7" = {
         isa = "PBXGroup";
         children = (
            "OBJ_8"
         );
         name = "Sources";
         path = "";
         sourceTree = "SOURCE_ROOT";
      };
      "OBJ_70" = {
         isa = "PBXFileReference";
         path = "PendingWritesManager.swift";
         sourceTree = "<group>";
      };
      "OBJ_71" = {
         isa = "PBXFileReference";
         path = "PriorityQueue.swift";
         sourceTree = "<group>";
      };
      "OBJ_72" = {
         isa = "PBXFileReference";
         path = "RecvByteBufferAllocator.swift";
         sourceTree = "<group>";
      };
      "OBJ_73" = {
         isa = "PBXFileReference";
         path = "Resolver.swift";
         sourceTree = "<group>";
      };
      "OBJ_74" = {
         isa = "PBXFileReference";
         path = "Selectable.swift";
         sourceTree = "<group>";
      };
      "OBJ_75" = {
         isa = "PBXFileReference";
         path = "Selector.swift";
         sourceTree = "<group>";
      };
      "OBJ_76" = {
         isa = "PBXFileReference";
         path = "ServerSocket.swift";
         sourceTree = "<group>";
      };
      "OBJ_77" = {
         isa = "PBXFileReference";
         path = "Socket.swift";
         sourceTree = "<group>";
      };
      "OBJ_78" = {
         isa = "PBXFileReference";
         path = "SocketAddresses.swift";
         sourceTree = "<group>";
      };
      "OBJ_79" = {
         isa = "PBXFileReference";
         path = "SocketChannel.swift";
         sourceTree = "<group>";
      };
      "OBJ_8" = {
         isa = "PBXGroup";
         children = (
            "OBJ_9",
            "OBJ_10",
            "OBJ_11",
            "OBJ_12",
            "OBJ_13",
            "OBJ_14",
            "OBJ_15",
            "OBJ_16"
         );
         name = "LifeServer";
         path = "Sources/LifeServer";
         sourceTree = "SOURCE_ROOT";
      };
      "OBJ_80" = {
         isa = "PBXFileReference";
         path = "SocketOptionProvider.swift";
         sourceTree = "<group>";
      };
      "OBJ_81" = {
         isa = "PBXFileReference";
         path = "System.swift";
         sourceTree = "<group>";
      };
      "OBJ_82" = {
         isa = "PBXFileReference";
         path = "Thread.swift";
         sourceTree = "<group>";
      };
      "OBJ_83" = {
         isa = "PBXFileReference";
         path = "TypeAssistedChannelHandler.swift";
         sourceTree = "<group>";
      };
      "OBJ_84" = {
         isa = "PBXFileReference";
         path = "Utilities.swift";
         sourceTree = "<group>";
      };
      "OBJ_85" = {
         isa = "PBXGroup";
         children = (
         );
         name = "NIOHTTP1";
         path = ".build/checkouts/swift-nio.git--5541947319686965451/Sources/NIOHTTP1";
         sourceTree = "SOURCE_ROOT";
      };
      "OBJ_86" = {
         isa = "PBXGroup";
         children = (
            "OBJ_87",
            "OBJ_89"
         );
         name = "CNIOAtomics";
         path = ".build/checkouts/swift-nio.git--5541947319686965451/Sources/CNIOAtomics";
         sourceTree = "SOURCE_ROOT";
      };
      "OBJ_87" = {
         isa = "PBXGroup";
         children = (
            "OBJ_88"
         );
         name = "src";
         path = "src";
         sourceTree = "<group>";
      };
      "OBJ_88" = {
         isa = "PBXFileReference";
         path = "c-atomics.c";
         sourceTree = "<group>";
      };
      "OBJ_89" = {
         isa = "PBXGroup";
         children = (
            "OBJ_90",
            "OBJ_91"
         );
         name = "include";
         path = "include";
         sourceTree = "<group>";
      };
      "OBJ_9" = {
         isa = "PBXFileReference";
         path = "Chat.swift";
         sourceTree = "<group>";
      };
      "OBJ_90" = {
         isa = "PBXFileReference";
         path = "CNIOAtomics.h";
         sourceTree = "<group>";
      };
      "OBJ_91" = {
         isa = "PBXFileReference";
         path = "cpp_magic.h";
         sourceTree = "<group>";
      };
      "OBJ_92" = {
         isa = "PBXGroup";
         children = (
            "OBJ_93",
            "OBJ_94",
            "OBJ_95"
         );
         name = "CNIOLinux";
         path = ".build/checkouts/swift-nio.git--5541947319686965451/Sources/CNIOLinux";
         sourceTree = "SOURCE_ROOT";
      };
      "OBJ_93" = {
         isa = "PBXFileReference";
         path = "ifaddrs-android.c";
         sourceTree = "<group>";
      };
      "OBJ_94" = {
         isa = "PBXFileReference";
         path = "shim.c";
         sourceTree = "<group>";
      };
      "OBJ_95" = {
         isa = "PBXGroup";
         children = (
            "OBJ_96",
            "OBJ_97"
         );
         name = "include";
         path = "include";
         sourceTree = "<group>";
      };
      "OBJ_96" = {
         isa = "PBXFileReference";
         path = "CNIOLinux.h";
         sourceTree = "<group>";
      };
      "OBJ_97" = {
         isa = "PBXFileReference";
         path = "ifaddrs-android.h";
         sourceTree = "<group>";
      };
      "OBJ_98" = {
         isa = "PBXGroup";
         children = (
            "OBJ_99",
            "OBJ_100"
         );
         name = "NIOPriorityQueue";
         path = ".build/checkouts/swift-nio.git--5541947319686965451/Sources/NIOPriorityQueue";
         sourceTree = "SOURCE_ROOT";
      };
      "OBJ_99" = {
         isa = "PBXFileReference";
         path = "Heap.swift";
         sourceTree = "<group>";
      };
      "swift-nio::CNIOAtomics" = {
         isa = "PBXNativeTarget";
         buildConfigurationList = "OBJ_129";
         buildPhases = (
            "OBJ_132",
            "OBJ_134",
            "OBJ_137"
         );
         dependencies = (
         );
         name = "CNIOAtomics";
         productName = "CNIOAtomics";
         productReference = "swift-nio::CNIOAtomics::Product";
         productType = "com.apple.product-type.framework";
      };
      "swift-nio::CNIOAtomics::Product" = {
         isa = "PBXFileReference";
         path = "CNIOAtomics.framework";
         sourceTree = "BUILT_PRODUCTS_DIR";
      };
      "swift-nio::CNIODarwin" = {
         isa = "PBXNativeTarget";
         buildConfigurationList = "OBJ_139";
         buildPhases = (
            "OBJ_142",
            "OBJ_144",
            "OBJ_146"
         );
         dependencies = (
         );
         name = "CNIODarwin";
         productName = "CNIODarwin";
         productReference = "swift-nio::CNIODarwin::Product";
         productType = "com.apple.product-type.framework";
      };
      "swift-nio::CNIODarwin::Product" = {
         isa = "PBXFileReference";
         path = "CNIODarwin.framework";
         sourceTree = "BUILT_PRODUCTS_DIR";
      };
      "swift-nio::CNIOLinux" = {
         isa = "PBXNativeTarget";
         buildConfigurationList = "OBJ_148";
         buildPhases = (
            "OBJ_151",
            "OBJ_154",
            "OBJ_157"
         );
         dependencies = (
         );
         name = "CNIOLinux";
         productName = "CNIOLinux";
         productReference = "swift-nio::CNIOLinux::Product";
         productType = "com.apple.product-type.framework";
      };
      "swift-nio::CNIOLinux::Product" = {
         isa = "PBXFileReference";
         path = "CNIOLinux.framework";
         sourceTree = "BUILT_PRODUCTS_DIR";
      };
      "swift-nio::CNIOSHA1" = {
         isa = "PBXNativeTarget";
         buildConfigurationList = "OBJ_159";
         buildPhases = (
            "OBJ_162",
            "OBJ_164",
            "OBJ_166"
         );
         dependencies = (
         );
         name = "CNIOSHA1";
         productName = "CNIOSHA1";
         productReference = "swift-nio::CNIOSHA1::Product";
         productType = "com.apple.product-type.framework";
      };
      "swift-nio::CNIOSHA1::Product" = {
         isa = "PBXFileReference";
         path = "CNIOSHA1.framework";
         sourceTree = "BUILT_PRODUCTS_DIR";
      };
      "swift-nio::NIO" = {
         isa = "PBXNativeTarget";
         buildConfigurationList = "OBJ_207";
         buildPhases = (
            "OBJ_210",
            "OBJ_266"
         );
         dependencies = (
            "OBJ_273",
            "OBJ_274",
            "OBJ_275",
            "OBJ_276",
            "OBJ_277",
            "OBJ_278"
         );
         name = "NIO";
         productName = "NIO";
         productReference = "swift-nio::NIO::Product";
         productType = "com.apple.product-type.framework";
      };
      "swift-nio::NIO::Product" = {
         isa = "PBXFileReference";
         path = "NIO.framework";
         sourceTree = "BUILT_PRODUCTS_DIR";
      };
      "swift-nio::NIOConcurrencyHelpers" = {
         isa = "PBXNativeTarget";
         buildConfigurationList = "OBJ_279";
         buildPhases = (
            "OBJ_282",
            "OBJ_285"
         );
         dependencies = (
            "OBJ_287"
         );
         name = "NIOConcurrencyHelpers";
         productName = "NIOConcurrencyHelpers";
         productReference = "swift-nio::NIOConcurrencyHelpers::Product";
         productType = "com.apple.product-type.framework";
      };
      "swift-nio::NIOConcurrencyHelpers::Product" = {
         isa = "PBXFileReference";
         path = "NIOConcurrencyHelpers.framework";
         sourceTree = "BUILT_PRODUCTS_DIR";
      };
      "swift-nio::NIOFoundationCompat" = {
         isa = "PBXNativeTarget";
         buildConfigurationList = "OBJ_288";
         buildPhases = (
            "OBJ_291",
            "OBJ_293"
         );
         dependencies = (
            "OBJ_301",
            "OBJ_302",
            "OBJ_303",
            "OBJ_304",
            "OBJ_305",
            "OBJ_306",
            "OBJ_307"
         );
         name = "NIOFoundationCompat";
         productName = "NIOFoundationCompat";
         productReference = "swift-nio::NIOFoundationCompat::Product";
         productType = "com.apple.product-type.framework";
      };
      "swift-nio::NIOFoundationCompat::Product" = {
         isa = "PBXFileReference";
         path = "NIOFoundationCompat.framework";
         sourceTree = "BUILT_PRODUCTS_DIR";
      };
      "swift-nio::NIOPriorityQueue" = {
         isa = "PBXNativeTarget";
         buildConfigurationList = "OBJ_308";
         buildPhases = (
            "OBJ_311",
            "OBJ_314"
         );
         dependencies = (
         );
         name = "NIOPriorityQueue";
         productName = "NIOPriorityQueue";
         productReference = "swift-nio::NIOPriorityQueue::Product";
         productType = "com.apple.product-type.framework";
      };
      "swift-nio::NIOPriorityQueue::Product" = {
         isa = "PBXFileReference";
         path = "NIOPriorityQueue.framework";
         sourceTree = "BUILT_PRODUCTS_DIR";
      };
      "swift-nio::SwiftPMPackageDescription" = {
         isa = "PBXNativeTarget";
         buildConfigurationList = "OBJ_316";
         buildPhases = (
            "OBJ_319"
         );
         dependencies = (
         );
         name = "swift-nioPackageDescription";
         productName = "swift-nioPackageDescription";
         productType = "com.apple.product-type.framework";
      };
   };
   rootObject = "OBJ_1";
}
